
Microsoft Visual Studio Solution File, Format Version 12.00
# Visual Studio Version 17
VisualStudioVersion = 17.0.32014.148
MinimumVisualStudioVersion = 10.0.40219.1
Project("{FAE04EC0-301F-11D3-BF4B-00C04F79EFBC}") = "ConvertEyes", "ConvertEyes\ConvertEyes.csproj", "{FED3B08B-99CB-4344-9A86-7EABC131D39E}"
EndProject
Global
	GlobalSection(SolutionConfigurationPlatforms) = preSolution
		Debug|Any CPU = Debug|Any CPU
		Release|Any CPU = Release|Any CPU
	EndGlobalSection
	GlobalSection(ProjectConfigurationPlatforms) = postSolution
		{FED3B08B-99CB-4344-9A86-7EABC131D39E}.Debug|Any CPU.ActiveCfg = Debug|Any CPU
		{FED3B08B-99CB-4344-9A86-7EABC131D39E}.Debug|Any CPU.Build.0 = Debug|Any CPU
		{FED3B08B-99CB-4344-9A86-7EABC131D39E}.Release|Any CPU.ActiveCfg = Release|Any CPU
		{FED3B08B-99CB-4344-9A86-7EABC131D39E}.Release|Any CPU.Build.0 = Release|Any CPU
	EndGlobalSection
	GlobalSection(SolutionProperties) = preSolution
		HideSolutionNode = FALSE
	EndGlobalSection
	GlobalSection(ExtensibilityGlobals) = postSolution
		SolutionGuid = {A71A5F01-1866-414E-85C3-C2AC7C41D5EA}
	EndGlobalSection
EndGlobal
